
Microsoft Visual Studio Solution File, Format Version 12.00
# Visual Studio Version 17
VisualStudioVersion = 17.6.33815.320
MinimumVisualStudioVersion = 10.0.40219.1
Project("{FAE04EC0-301F-11D3-BF4B-00C04F79EFBC}") = "NovaPosta2024", "NovaPosta2024.csproj", "{93BA49F9-3D6A-4CF6-9BDB-A852FAB37408}"
EndProject
Global
	GlobalSection(SolutionConfigurationPlatforms) = preSolution
		Debug|Any CPU = Debug|Any CPU
		Release|Any CPU = Release|Any CPU
	EndGlobalSection
	GlobalSection(ProjectConfigurationPlatforms) = postSolution
		{93BA49F9-3D6A-4CF6-9BDB-A852FAB37408}.Debug|Any CPU.ActiveCfg = Debug|Any CPU
		{93BA49F9-3D6A-4CF6-9BDB-A852FAB37408}.Debug|Any CPU.Build.0 = Debug|Any CPU
		{93BA49F9-3D6A-4CF6-9BDB-A852FAB37408}.Release|Any CPU.ActiveCfg = Release|Any CPU
		{93BA49F9-3D6A-4CF6-9BDB-A852FAB37408}.Release|Any CPU.Build.0 = Release|Any CPU
	EndGlobalSection
	GlobalSection(SolutionProperties) = preSolution
		HideSolutionNode = FALSE
	EndGlobalSection
	GlobalSection(ExtensibilityGlobals) = postSolution
		SolutionGuid = {E6CC2DB6-48D6-4D6A-8ED2-DE941CB09AC0}
	EndGlobalSection
EndGlobal
